<?xml version="1.0" encoding="utf-8"?>
<Project ToolsVersion="4.0" xmlns="http://schemas.microsoft.com/developer/msbuild/2003">
  <ItemGroup>
    <Filter Include="Source Files">
      <UniqueIdentifier>{4FC737F1-C7A5-4376-A066-2A32D752A2FF}</UniqueIdentifier>
      <Extensions>cpp;c;cc;cxx;c++;cppm;ixx;def;odl;idl;hpj;bat;asm;asmx</Extensions>
    </Filter>
    <Filter Include="Header Files">
      <UniqueIdentifier>{93995380-89BD-4b04-88EB-625FBE52EBFB}</UniqueIdentifier>
      <Extensions>h;hh;hpp;hxx;h++;hm;inl;inc;ipp;xsd</Extensions>
    </Filter>
    <Filter Include="Resource Files">
      <UniqueIdentifier>{67DA6AB6-F800-4c08-8B7A-83BB121AAD01}</UniqueIdentifier>
      <Extensions>rc;ico;cur;bmp;dlg;rc2;rct;bin;rgs;gif;jpg;jpeg;jpe;resx;tiff;tif;png;wav;mfcribbon-ms</Extensions>
    </Filter>
    <Filter Include="Source Files\imgui">
      <UniqueIdentifier>{6467b99a-fdfd-4e1a-8710-afdb8f05d198}</UniqueIdentifier>
    </Filter>
    <Filter Include="Header Files\imgui">
      <UniqueIdentifier>{02debecb-2dc9-4855-8419-f76089649dee}</UniqueIdentifier>
    </Filter>
  </ItemGroup>
  <ItemGroup>
    <ClCompile Include="main.cpp">
      <Filter>Source Files</Filter>
    </ClCompile>
    <ClCompile Include="engine\vulkanWrappers\source\vulkanInstanceInstance.cpp">
      <Filter>Source Files</Filter>
    </ClCompile>
    <ClCompile Include="engine\vulkanWrappers\source\vulkanInstanceCallback.cpp">
      <Filter>Source Files</Filter>
    </ClCompile>
    <ClCompile Include="engine\vulkanWrappers\source\vulkanInstanceDevice.cpp">
      <Filter>Source Files</Filter>
    </ClCompile>
    <ClCompile Include="engine\vulkanWrappers\source\vulkanSurface.cpp">
      <Filter>Source Files</Filter>
    </ClCompile>
    <ClCompile Include="engine\vulkanWrappers\source\vulkanObject.cpp">
      <Filter>Source Files</Filter>
    </ClCompile>
    <ClCompile Include="engine\vulkanWrappers\source\vulkanRenderer.cpp">
      <Filter>Source Files</Filter>
    </ClCompile>
    <ClCompile Include="engine\vulkanWrappers\source\vulkanDrawer.cpp">
      <Filter>Source Files</Filter>
    </ClCompile>
    <ClCompile Include="engine\vulkanWrappers\source\vulkanMeshData.cpp">
      <Filter>Source Files</Filter>
    </ClCompile>
    <ClCompile Include="engine\vulkanWrappers\source\vulkanInstanceCommandPool.cpp">
      <Filter>Source Files</Filter>
    </ClCompile>
    <ClCompile Include="engine\vulkanWrappers\source\vulkanInstanceMisc.cpp">
      <Filter>Source Files</Filter>
    </ClCompile>
    <ClCompile Include="engine\vulkanWrappers\source\vulkanTextureData.cpp">
      <Filter>Source Files</Filter>
    </ClCompile>
    <ClCompile Include="external\imGui\imgui_tables.cpp">
      <Filter>Source Files</Filter>
    </ClCompile>
    <ClCompile Include="external\imGui\imgui_widgets.cpp">
      <Filter>Source Files</Filter>
    </ClCompile>
    <ClCompile Include="external\imGui\imgui.cpp">
      <Filter>Source Files</Filter>
    </ClCompile>
    <ClCompile Include="external\imGui\imgui_demo.cpp">
      <Filter>Source Files</Filter>
    </ClCompile>
    <ClCompile Include="external\imGui\imgui_draw.cpp">
      <Filter>Source Files</Filter>
    </ClCompile>
    <ClCompile Include="external\imGui\imgui_impl_glfw.cpp">
      <Filter>Source Files</Filter>
    </ClCompile>
    <ClCompile Include="external\imGui\imgui_impl_vulkan.cpp">
      <Filter>Source Files</Filter>
    </ClCompile>
    <ClCompile Include="engine\vulkanWrappers\source\vulkanSceneData.cpp">
      <Filter>Source Files</Filter>
    </ClCompile>
    <ClCompile Include="engine\resourceManager\source\windowManager.cpp">
      <Filter>Source Files</Filter>
    </ClCompile>
    <ClCompile Include="engine\resourceManager\source\inputManager.cpp">
      <Filter>Source Files</Filter>
    </ClCompile>
    <ClCompile Include="engine\vulkanWrappers\source\vulkanDynamicUniformBuffer.cpp">
      <Filter>Source Files</Filter>
    </ClCompile>
    <ClCompile Include="engine\imGuiWrappers\include\imGuiInstance.h">
      <Filter>Source Files</Filter>
    </ClCompile>
    <ClCompile Include="engine\imGuiWrappers\source\imGuiInstanceInit.cpp">
      <Filter>Source Files</Filter>
    </ClCompile>
    <ClCompile Include="engine\imGuiWrappers\source\imGuiInstanceDrawer.cpp">
      <Filter>Source Files</Filter>
    </ClCompile>
    <ClCompile Include="engine\imGuiWrappers\source\imGuiInstanceGui.cpp">
      <Filter>Source Files</Filter>
    </ClCompile>
    <ClCompile Include="engine\vulkanWrappers\source\vulkanTextureSampler.cpp">
      <Filter>Source Files</Filter>
    </ClCompile>
    <ClCompile Include="engine\vulkanWrappers\source\vulkanModelData.cpp">
      <Filter>Source Files</Filter>
    </ClCompile>
    <ClCompile Include="engine\physicsSystem\source\ColliderDoesCollideWithDefinition.cpp">
      <Filter>Source Files</Filter>
    </ClCompile>
    <ClCompile Include="engine\physicsSystem\source\SphereCollider.cpp">
      <Filter>Source Files</Filter>
    </ClCompile>
    <ClCompile Include="engine\physicsSystem\source\CapsuleCollider.cpp">
      <Filter>Source Files</Filter>
    </ClCompile>
    <ClCompile Include="engine\physicsSystem\source\CollisionUtilities.cpp">
      <Filter>Source Files</Filter>
    </ClCompile>
    <ClCompile Include="engine\physicsSystem\source\RigidBody.cpp">
      <Filter>Source Files</Filter>
    </ClCompile>
    <ClCompile Include="engine\sceneSystem\source\camera.cpp">
      <Filter>Source Files</Filter>
    </ClCompile>
    <ClCompile Include="engine\sceneSystem\source\gameObject.cpp">
      <Filter>Source Files</Filter>
    </ClCompile>
    <ClCompile Include="engine\sceneSystem\source\scene.cpp">
      <Filter>Source Files</Filter>
    </ClCompile>
    <ClCompile Include="engine\general\source\Quat.cpp">
      <Filter>Source Files</Filter>
    </ClCompile>
  </ItemGroup>
  <ItemGroup>
    <ClInclude Include="engine\vulkanWrappers\include\vulkanSurface.h">
      <Filter>Header Files</Filter>
    </ClInclude>
    <ClInclude Include="engine\vulkanWrappers\include\vulkanObject.h">
      <Filter>Header Files</Filter>
    </ClInclude>
    <ClInclude Include="engine\vulkanWrappers\include\vulkanRenderer.h">
      <Filter>Header Files</Filter>
    </ClInclude>
    <ClInclude Include="engine\vulkanWrappers\include\vulkanDrawer.h">
      <Filter>Header Files</Filter>
    </ClInclude>
    <ClInclude Include="engine\vulkanWrappers\include\generalIncludes.h">
      <Filter>Header Files</Filter>
    </ClInclude>
    <ClInclude Include="engine\vulkanWrappers\include\vulkanMeshData.h">
      <Filter>Header Files</Filter>
    </ClInclude>
    <ClInclude Include="engine\vulkanWrappers\include\modelDataIncludes.h">
      <Filter>Header Files</Filter>
    </ClInclude>
    <ClInclude Include="engine\vulkanWrappers\include\vulkanTextureData.h">
      <Filter>Header Files</Filter>
    </ClInclude>
    <ClInclude Include="external\imGui\imgui_internal.h">
      <Filter>Header Files</Filter>
    </ClInclude>
    <ClInclude Include="external\imGui\imstb_rectpack.h">
      <Filter>Header Files</Filter>
    </ClInclude>
    <ClInclude Include="external\imGui\imstb_textedit.h">
      <Filter>Header Files</Filter>
    </ClInclude>
    <ClInclude Include="external\imGui\imstb_truetype.h">
      <Filter>Header Files</Filter>
    </ClInclude>
    <ClInclude Include="external\imGui\imconfig.h">
      <Filter>Header Files</Filter>
    </ClInclude>
    <ClInclude Include="engine\vulkanWrappers\include\vulkanSceneData.h">
      <Filter>Header Files</Filter>
    </ClInclude>
    <ClInclude Include="engine\general\include\timer.h">
      <Filter>Header Files</Filter>
    </ClInclude>
    <ClInclude Include="engine\resourceManager\include\windowManager.h">
      <Filter>Header Files</Filter>
    </ClInclude>
    <ClInclude Include="engine\resourceManager\include\inputManager.h">
      <Filter>Header Files</Filter>
    </ClInclude>
    <ClInclude Include="engine\resourceManager\include\resourceManagerGeneralIncludes.h">
      <Filter>Header Files</Filter>
    </ClInclude>
    <ClInclude Include="engine\vulkanWrappers\include\vulkanDynamicUniformBuffer.h">
      <Filter>Header Files</Filter>
    </ClInclude>
    <ClInclude Include="engine\imGuiWrappers\include\imGuiWrappersGeneralIncludes.h">
      <Filter>Header Files</Filter>
    </ClInclude>
    <ClInclude Include="engine\vulkanWrappers\include\vulkanTextureSampler.h">
      <Filter>Header Files</Filter>
    </ClInclude>
    <ClInclude Include="engine\vulkanWrappers\include\vulkanModelData.h">
      <Filter>Header Files</Filter>
    </ClInclude>
    <ClInclude Include="engine\resourceManager\include\meshDataManager.h">
      <Filter>Header Files</Filter>
    </ClInclude>
    <ClInclude Include="engine\resourceManager\include\textureDataManager.h">
      <Filter>Header Files</Filter>
    </ClInclude>
    <ClInclude Include="engine\resourceManager\include\vulkanObjectManager.h">
      <Filter>Header Files</Filter>
    </ClInclude>
    <ClInclude Include="engine\physicsSystem\include\Collider.h">
      <Filter>Header Files</Filter>
    </ClInclude>
    <ClInclude Include="engine\physicsSystem\include\SphereCollider.h">
      <Filter>Header Files</Filter>
    </ClInclude>
    <ClInclude Include="engine\physicsSystem\include\EventManager.h">
      <Filter>Header Files</Filter>
    </ClInclude>
    <ClInclude Include="engine\physicsSystem\include\CapsuleCollider.h">
      <Filter>Header Files</Filter>
    </ClInclude>
    <ClInclude Include="engine\physicsSystem\include\CollisionUtilities.h">
      <Filter>Header Files</Filter>
    </ClInclude>
    <ClInclude Include="engine\physicsSystem\include\RigidBody.h">
      <Filter>Header Files</Filter>
    </ClInclude>
    <ClInclude Include="engine\general\include\generalIncludes.h">
      <Filter>Header Files</Filter>
    </ClInclude>
    <ClInclude Include="engine\sceneSystem\include\camera.h">
      <Filter>Header Files</Filter>
    </ClInclude>
    <ClInclude Include="engine\sceneSystem\include\gameObject.h">
      <Filter>Header Files</Filter>
    </ClInclude>
    <ClInclude Include="engine\sceneSystem\include\scene.h">
      <Filter>Header Files</Filter>
    </ClInclude>
    <ClInclude Include="engine\general\include\Quat.h">
      <Filter>Header Files</Filter>
    </ClInclude>
  </ItemGroup>
  <ItemGroup>
    <None Include="assets\shaders\compile.bat">
      <Filter>Source Files</Filter>
    </None>
    <None Include="assets\shaders\fragmentShaders\diffuseShader.frag" />
    <None Include="assets\shaders\vertexShaders\diffuseShader.vert" />
    <None Include="assets\shaders\fragmentShaders\diffuseFrag.spv" />
    <None Include="assets\shaders\vertexShaders\diffuseVert.spv" />
    <None Include="assets\shaders\fragmentShaders\negativeShader.frag" />
    <None Include="assets\shaders\fragmentShaders\negativeFrag.spv" />
  </ItemGroup>
</Project>